
Microsoft Visual Studio Solution File, Format Version 12.00
# Visual Studio 15
VisualStudioVersion = 15.0.27428.2005
MinimumVisualStudioVersion = 10.0.40219.1
Project("{FAE04EC0-301F-11D3-BF4B-00C04F79EFBC}") = "Accounting.Core", "Accounting.Core\Accounting.Core.csproj", "{F2D1F0A9-5B6B-434E-AB01-995B1A3F784A}"
EndProject
Project("{FAE04EC0-301F-11D3-BF4B-00C04F79EFBC}") = "Accounting.Core.Client", "Accounting.Core.Client\Accounting.Core.Client.csproj", "{1709516F-6D1C-41A7-B8EF-281649E8539F}"
EndProject
Global
	GlobalSection(SolutionConfigurationPlatforms) = preSolution
		Debug|Any CPU = Debug|Any CPU
		Release|Any CPU = Release|Any CPU
	EndGlobalSection
	GlobalSection(ProjectConfigurationPlatforms) = postSolution
		{F2D1F0A9-5B6B-434E-AB01-995B1A3F784A}.Debug|Any CPU.ActiveCfg = Debug|Any CPU
		{F2D1F0A9-5B6B-434E-AB01-995B1A3F784A}.Debug|Any CPU.Build.0 = Debug|Any CPU
		{F2D1F0A9-5B6B-434E-AB01-995B1A3F784A}.Release|Any CPU.ActiveCfg = Release|Any CPU
		{F2D1F0A9-5B6B-434E-AB01-995B1A3F784A}.Release|Any CPU.Build.0 = Release|Any CPU
		{1709516F-6D1C-41A7-B8EF-281649E8539F}.Debug|Any CPU.ActiveCfg = Debug|Any CPU
		{1709516F-6D1C-41A7-B8EF-281649E8539F}.Debug|Any CPU.Build.0 = Debug|Any CPU
		{1709516F-6D1C-41A7-B8EF-281649E8539F}.Release|Any CPU.ActiveCfg = Release|Any CPU
		{1709516F-6D1C-41A7-B8EF-281649E8539F}.Release|Any CPU.Build.0 = Release|Any CPU
	EndGlobalSection
	GlobalSection(SolutionProperties) = preSolution
		HideSolutionNode = FALSE
	EndGlobalSection
	GlobalSection(ExtensibilityGlobals) = postSolution
		SolutionGuid = {DA6F3D9D-BE11-4B6A-BA99-BF69B3196027}
	EndGlobalSection
EndGlobal
